// !$*UTF8*$!
{
	archiveVersion = 1;
	classes = {
	};
	objectVersion = 46;
	objects = {

/* Begin PBXBuildFile section */
		3A6429C41A6D2C8700B10310 /* Operators.swift in Sources */ = {isa = PBXBuildFile; fileRef = 3A6429C31A6D2C8700B10310 /* Operators.swift */; };
		3A6429C61A6D33FA00B10310 /* Extensions.swift in Sources */ = {isa = PBXBuildFile; fileRef = 3A6429C51A6D33FA00B10310 /* Extensions.swift */; };
		3A6429C81A6D345500B10310 /* DurationTests.swift in Sources */ = {isa = PBXBuildFile; fileRef = 3A6429C71A6D345500B10310 /* DurationTests.swift */; };
		3AB0FB721A6D15F8006449DB /* SwiftMoment.h in Headers */ = {isa = PBXBuildFile; fileRef = 3AB0FB711A6D15F8006449DB /* SwiftMoment.h */; settings = {ATTRIBUTES = (Public, ); }; };
		3AB0FB781A6D15F8006449DB /* SwiftMoment.framework in Frameworks */ = {isa = PBXBuildFile; fileRef = 3AB0FB6C1A6D15F8006449DB /* SwiftMoment.framework */; };
		3AB0FB7F1A6D15F8006449DB /* MomentTests.swift in Sources */ = {isa = PBXBuildFile; fileRef = 3AB0FB7E1A6D15F8006449DB /* MomentTests.swift */; };
		3AB0FB891A6D160F006449DB /* Moment.swift in Sources */ = {isa = PBXBuildFile; fileRef = 3AB0FB881A6D160F006449DB /* Moment.swift */; };
		3AB0FB8B1A6D1629006449DB /* TimeUnit.swift in Sources */ = {isa = PBXBuildFile; fileRef = 3AB0FB8A1A6D1629006449DB /* TimeUnit.swift */; };
		3AB0FB8D1A6D1644006449DB /* Duration.swift in Sources */ = {isa = PBXBuildFile; fileRef = 3AB0FB8C1A6D1644006449DB /* Duration.swift */; };
		E2F6253F1C357BC00057AE1D /* Extensions.swift in Sources */ = {isa = PBXBuildFile; fileRef = 3A6429C51A6D33FA00B10310 /* Extensions.swift */; };
		E2F625401C357BC00057AE1D /* Duration.swift in Sources */ = {isa = PBXBuildFile; fileRef = 3AB0FB8C1A6D1644006449DB /* Duration.swift */; };
		E2F625411C357BC00057AE1D /* Operators.swift in Sources */ = {isa = PBXBuildFile; fileRef = 3A6429C31A6D2C8700B10310 /* Operators.swift */; };
		E2F625421C357BC00057AE1D /* TimeUnit.swift in Sources */ = {isa = PBXBuildFile; fileRef = 3AB0FB8A1A6D1629006449DB /* TimeUnit.swift */; };
		E2F625431C357BC00057AE1D /* Moment.swift in Sources */ = {isa = PBXBuildFile; fileRef = 3AB0FB881A6D160F006449DB /* Moment.swift */; };
		E2F625461C357BC00057AE1D /* SwiftMoment.h in Headers */ = {isa = PBXBuildFile; fileRef = 3AB0FB711A6D15F8006449DB /* SwiftMoment.h */; settings = {ATTRIBUTES = (Public, ); }; };
/* End PBXBuildFile section */

/* Begin PBXContainerItemProxy section */
		3AB0FB791A6D15F8006449DB /* PBXContainerItemProxy */ = {
			isa = PBXContainerItemProxy;
			containerPortal = 3AB0FB631A6D15F8006449DB /* Project object */;
			proxyType = 1;
			remoteGlobalIDString = 3AB0FB6B1A6D15F8006449DB;
			remoteInfo = SwiftMoment;
		};
/* End PBXContainerItemProxy section */

/* Begin PBXFileReference section */
		3A6429C31A6D2C8700B10310 /* Operators.swift */ = {isa = PBXFileReference; fileEncoding = 4; lastKnownFileType = sourcecode.swift; path = Operators.swift; sourceTree = "<group>"; };
		3A6429C51A6D33FA00B10310 /* Extensions.swift */ = {isa = PBXFileReference; fileEncoding = 4; lastKnownFileType = sourcecode.swift; path = Extensions.swift; sourceTree = "<group>"; };
		3A6429C71A6D345500B10310 /* DurationTests.swift */ = {isa = PBXFileReference; fileEncoding = 4; lastKnownFileType = sourcecode.swift; path = DurationTests.swift; sourceTree = "<group>"; };
		3A6CADA61AD9B48D00482995 /* MyPlayground.playground */ = {isa = PBXFileReference; lastKnownFileType = file.playground; path = MyPlayground.playground; sourceTree = "<group>"; };
		3AB0FB6C1A6D15F8006449DB /* SwiftMoment.framework */ = {isa = PBXFileReference; explicitFileType = wrapper.framework; includeInIndex = 0; path = SwiftMoment.framework; sourceTree = BUILT_PRODUCTS_DIR; };
		3AB0FB701A6D15F8006449DB /* Info.plist */ = {isa = PBXFileReference; lastKnownFileType = text.plist.xml; path = Info.plist; sourceTree = "<group>"; };
		3AB0FB711A6D15F8006449DB /* SwiftMoment.h */ = {isa = PBXFileReference; lastKnownFileType = sourcecode.c.h; path = SwiftMoment.h; sourceTree = "<group>"; };
		3AB0FB771A6D15F8006449DB /* SwiftMomentTests.xctest */ = {isa = PBXFileReference; explicitFileType = wrapper.cfbundle; includeInIndex = 0; path = SwiftMomentTests.xctest; sourceTree = BUILT_PRODUCTS_DIR; };
		3AB0FB7D1A6D15F8006449DB /* Info.plist */ = {isa = PBXFileReference; lastKnownFileType = text.plist.xml; path = Info.plist; sourceTree = "<group>"; };
		3AB0FB7E1A6D15F8006449DB /* MomentTests.swift */ = {isa = PBXFileReference; lastKnownFileType = sourcecode.swift; path = MomentTests.swift; sourceTree = "<group>"; };
		3AB0FB881A6D160F006449DB /* Moment.swift */ = {isa = PBXFileReference; fileEncoding = 4; lastKnownFileType = sourcecode.swift; path = Moment.swift; sourceTree = "<group>"; };
		3AB0FB8A1A6D1629006449DB /* TimeUnit.swift */ = {isa = PBXFileReference; fileEncoding = 4; lastKnownFileType = sourcecode.swift; path = TimeUnit.swift; sourceTree = "<group>"; };
		3AB0FB8C1A6D1644006449DB /* Duration.swift */ = {isa = PBXFileReference; fileEncoding = 4; lastKnownFileType = sourcecode.swift; path = Duration.swift; sourceTree = "<group>"; };
		E2F6254B1C357BC00057AE1D /* SwiftMoment.framework */ = {isa = PBXFileReference; explicitFileType = wrapper.framework; includeInIndex = 0; path = SwiftMoment.framework; sourceTree = BUILT_PRODUCTS_DIR; };
		E2F6254D1C357CEB0057AE1D /* InfoOSX.plist */ = {isa = PBXFileReference; lastKnownFileType = text.plist.xml; path = InfoOSX.plist; sourceTree = "<group>"; };
/* End PBXFileReference section */

/* Begin PBXFrameworksBuildPhase section */
		3AB0FB681A6D15F8006449DB /* Frameworks */ = {
			isa = PBXFrameworksBuildPhase;
			buildActionMask = 2147483647;
			files = (
			);
			runOnlyForDeploymentPostprocessing = 0;
		};
		3AB0FB741A6D15F8006449DB /* Frameworks */ = {
			isa = PBXFrameworksBuildPhase;
			buildActionMask = 2147483647;
			files = (
				3AB0FB781A6D15F8006449DB /* SwiftMoment.framework in Frameworks */,
			);
			runOnlyForDeploymentPostprocessing = 0;
		};
		E2F625441C357BC00057AE1D /* Frameworks */ = {
			isa = PBXFrameworksBuildPhase;
			buildActionMask = 2147483647;
			files = (
			);
			runOnlyForDeploymentPostprocessing = 0;
		};
/* End PBXFrameworksBuildPhase section */

/* Begin PBXGroup section */
		3AB0FB621A6D15F8006449DB = {
			isa = PBXGroup;
			children = (
				3A6CADA61AD9B48D00482995 /* MyPlayground.playground */,
				3AB0FB6E1A6D15F8006449DB /* SwiftMoment */,
				3AB0FB7B1A6D15F8006449DB /* SwiftMomentTests */,
				3AB0FB6D1A6D15F8006449DB /* Products */,
			);
			sourceTree = "<group>";
		};
		3AB0FB6D1A6D15F8006449DB /* Products */ = {
			isa = PBXGroup;
			children = (
				3AB0FB6C1A6D15F8006449DB /* SwiftMoment.framework */,
				3AB0FB771A6D15F8006449DB /* SwiftMomentTests.xctest */,
				E2F6254B1C357BC00057AE1D /* SwiftMoment.framework */,
			);
			name = Products;
			sourceTree = "<group>";
		};
		3AB0FB6E1A6D15F8006449DB /* SwiftMoment */ = {
			isa = PBXGroup;
			children = (
				3AB0FB711A6D15F8006449DB /* SwiftMoment.h */,
				3AB0FB6F1A6D15F8006449DB /* Supporting Files */,
				3AB0FB881A6D160F006449DB /* Moment.swift */,
				3AB0FB8A1A6D1629006449DB /* TimeUnit.swift */,
				3AB0FB8C1A6D1644006449DB /* Duration.swift */,
				3A6429C31A6D2C8700B10310 /* Operators.swift */,
				3A6429C51A6D33FA00B10310 /* Extensions.swift */,
			);
			path = SwiftMoment;
			sourceTree = "<group>";
		};
		3AB0FB6F1A6D15F8006449DB /* Supporting Files */ = {
			isa = PBXGroup;
			children = (
				E2F6254D1C357CEB0057AE1D /* InfoOSX.plist */,
				3AB0FB701A6D15F8006449DB /* Info.plist */,
			);
			name = "Supporting Files";
			sourceTree = "<group>";
		};
		3AB0FB7B1A6D15F8006449DB /* SwiftMomentTests */ = {
			isa = PBXGroup;
			children = (
				3AB0FB7E1A6D15F8006449DB /* MomentTests.swift */,
				3A6429C71A6D345500B10310 /* DurationTests.swift */,
				3AB0FB7C1A6D15F8006449DB /* Supporting Files */,
			);
			path = SwiftMomentTests;
			sourceTree = "<group>";
		};
		3AB0FB7C1A6D15F8006449DB /* Supporting Files */ = {
			isa = PBXGroup;
			children = (
				3AB0FB7D1A6D15F8006449DB /* Info.plist */,
			);
			name = "Supporting Files";
			sourceTree = "<group>";
		};
/* End PBXGroup section */

/* Begin PBXHeadersBuildPhase section */
		3AB0FB691A6D15F8006449DB /* Headers */ = {
			isa = PBXHeadersBuildPhase;
			buildActionMask = 2147483647;
			files = (
				3AB0FB721A6D15F8006449DB /* SwiftMoment.h in Headers */,
			);
			runOnlyForDeploymentPostprocessing = 0;
		};
		E2F625451C357BC00057AE1D /* Headers */ = {
			isa = PBXHeadersBuildPhase;
			buildActionMask = 2147483647;
			files = (
				E2F625461C357BC00057AE1D /* SwiftMoment.h in Headers */,
			);
			runOnlyForDeploymentPostprocessing = 0;
		};
/* End PBXHeadersBuildPhase section */

/* Begin PBXNativeTarget section */
		3AB0FB6B1A6D15F8006449DB /* SwiftMoment */ = {
			isa = PBXNativeTarget;
			buildConfigurationList = 3AB0FB821A6D15F8006449DB /* Build configuration list for PBXNativeTarget "SwiftMoment" */;
			buildPhases = (
				3AB0FB671A6D15F8006449DB /* Sources */,
				3AB0FB681A6D15F8006449DB /* Frameworks */,
				3AB0FB691A6D15F8006449DB /* Headers */,
				3AB0FB6A1A6D15F8006449DB /* Resources */,
			);
			buildRules = (
			);
			dependencies = (
			);
			name = SwiftMoment;
			productName = SwiftMoment;
			productReference = 3AB0FB6C1A6D15F8006449DB /* SwiftMoment.framework */;
			productType = "com.apple.product-type.framework";
		};
		3AB0FB761A6D15F8006449DB /* SwiftMomentTests */ = {
			isa = PBXNativeTarget;
			buildConfigurationList = 3AB0FB851A6D15F8006449DB /* Build configuration list for PBXNativeTarget "SwiftMomentTests" */;
			buildPhases = (
				3AB0FB731A6D15F8006449DB /* Sources */,
				3AB0FB741A6D15F8006449DB /* Frameworks */,
				3AB0FB751A6D15F8006449DB /* Resources */,
			);
			buildRules = (
			);
			dependencies = (
				3AB0FB7A1A6D15F8006449DB /* PBXTargetDependency */,
			);
			name = SwiftMomentTests;
			productName = SwiftMomentTests;
			productReference = 3AB0FB771A6D15F8006449DB /* SwiftMomentTests.xctest */;
			productType = "com.apple.product-type.bundle.unit-test";
		};
		E2F6253D1C357BC00057AE1D /* SwiftMomentOSX */ = {
			isa = PBXNativeTarget;
			buildConfigurationList = E2F625481C357BC00057AE1D /* Build configuration list for PBXNativeTarget "SwiftMomentOSX" */;
			buildPhases = (
				E2F6253E1C357BC00057AE1D /* Sources */,
				E2F625441C357BC00057AE1D /* Frameworks */,
				E2F625451C357BC00057AE1D /* Headers */,
				E2F625471C357BC00057AE1D /* Resources */,
			);
			buildRules = (
			);
			dependencies = (
			);
			name = SwiftMomentOSX;
			productName = SwiftMoment;
			productReference = E2F6254B1C357BC00057AE1D /* SwiftMoment.framework */;
			productType = "com.apple.product-type.framework";
		};
/* End PBXNativeTarget section */

/* Begin PBXProject section */
		3AB0FB631A6D15F8006449DB /* Project object */ = {
			isa = PBXProject;
			attributes = {
				LastSwiftMigration = 0700;
				LastSwiftUpdateCheck = 0700;
				LastUpgradeCheck = 0610;
				ORGANIZATIONNAME = "Adrian Kosmaczewski";
				TargetAttributes = {
					3AB0FB6B1A6D15F8006449DB = {
						CreatedOnToolsVersion = 6.1.1;
					};
					3AB0FB761A6D15F8006449DB = {
						CreatedOnToolsVersion = 6.1.1;
					};
				};
			};
			buildConfigurationList = 3AB0FB661A6D15F8006449DB /* Build configuration list for PBXProject "SwiftMoment" */;
			compatibilityVersion = "Xcode 3.2";
			developmentRegion = English;
			hasScannedForEncodings = 0;
			knownRegions = (
				en,
			);
			mainGroup = 3AB0FB621A6D15F8006449DB;
			productRefGroup = 3AB0FB6D1A6D15F8006449DB /* Products */;
			projectDirPath = "";
			projectRoot = "";
			targets = (
				3AB0FB6B1A6D15F8006449DB /* SwiftMoment */,
				3AB0FB761A6D15F8006449DB /* SwiftMomentTests */,
				E2F6253D1C357BC00057AE1D /* SwiftMomentOSX */,
			);
		};
/* End PBXProject section */

/* Begin PBXResourcesBuildPhase section */
		3AB0FB6A1A6D15F8006449DB /* Resources */ = {
			isa = PBXResourcesBuildPhase;
			buildActionMask = 2147483647;
			files = (
			);
			runOnlyForDeploymentPostprocessing = 0;
		};
		3AB0FB751A6D15F8006449DB /* Resources */ = {
			isa = PBXResourcesBuildPhase;
			buildActionMask = 2147483647;
			files = (
			);
			runOnlyForDeploymentPostprocessing = 0;
		};
		E2F625471C357BC00057AE1D /* Resources */ = {
			isa = PBXResourcesBuildPhase;
			buildActionMask = 2147483647;
			files = (
			);
			runOnlyForDeploymentPostprocessing = 0;
		};
/* End PBXResourcesBuildPhase section */

/* Begin PBXSourcesBuildPhase section */
		3AB0FB671A6D15F8006449DB /* Sources */ = {
			isa = PBXSourcesBuildPhase;
			buildActionMask = 2147483647;
			files = (
				3A6429C61A6D33FA00B10310 /* Extensions.swift in Sources */,
				3AB0FB8D1A6D1644006449DB /* Duration.swift in Sources */,
				3A6429C41A6D2C8700B10310 /* Operators.swift in Sources */,
				3AB0FB8B1A6D1629006449DB /* TimeUnit.swift in Sources */,
				3AB0FB891A6D160F006449DB /* Moment.swift in Sources */,
			);
			runOnlyForDeploymentPostprocessing = 0;
		};
		3AB0FB731A6D15F8006449DB /* Sources */ = {
			isa = PBXSourcesBuildPhase;
			buildActionMask = 2147483647;
			files = (
				3AB0FB7F1A6D15F8006449DB /* MomentTests.swift in Sources */,
				3A6429C81A6D345500B10310 /* DurationTests.swift in Sources */,
			);
			runOnlyForDeploymentPostprocessing = 0;
		};
		E2F6253E1C357BC00057AE1D /* Sources */ = {
			isa = PBXSourcesBuildPhase;
			buildActionMask = 2147483647;
			files = (
				E2F6253F1C357BC00057AE1D /* Extensions.swift in Sources */,
				E2F625401C357BC00057AE1D /* Duration.swift in Sources */,
				E2F625411C357BC00057AE1D /* Operators.swift in Sources */,
				E2F625421C357BC00057AE1D /* TimeUnit.swift in Sources */,
				E2F625431C357BC00057AE1D /* Moment.swift in Sources */,
			);
			runOnlyForDeploymentPostprocessing = 0;
		};
/* End PBXSourcesBuildPhase section */

/* Begin PBXTargetDependency section */
		3AB0FB7A1A6D15F8006449DB /* PBXTargetDependency */ = {
			isa = PBXTargetDependency;
			target = 3AB0FB6B1A6D15F8006449DB /* SwiftMoment */;
			targetProxy = 3AB0FB791A6D15F8006449DB /* PBXContainerItemProxy */;
		};
/* End PBXTargetDependency section */

/* Begin XCBuildConfiguration section */
		3AB0FB801A6D15F8006449DB /* Debug */ = {
			isa = XCBuildConfiguration;
			buildSettings = {
				ALWAYS_SEARCH_USER_PATHS = NO;
				CLANG_CXX_LANGUAGE_STANDARD = "gnu++0x";
				CLANG_CXX_LIBRARY = "libc++";
				CLANG_ENABLE_MODULES = YES;
				CLANG_ENABLE_OBJC_ARC = YES;
				CLANG_WARN_BOOL_CONVERSION = YES;
				CLANG_WARN_CONSTANT_CONVERSION = YES;
				CLANG_WARN_DIRECT_OBJC_ISA_USAGE = YES_ERROR;
				CLANG_WARN_EMPTY_BODY = YES;
				CLANG_WARN_ENUM_CONVERSION = YES;
				CLANG_WARN_INT_CONVERSION = YES;
				CLANG_WARN_OBJC_ROOT_CLASS = YES_ERROR;
				CLANG_WARN_UNREACHABLE_CODE = YES;
				CLANG_WARN__DUPLICATE_METHOD_MATCH = YES;
				"CODE_SIGN_IDENTITY[sdk=iphoneos*]" = "iPhone Developer";
				COPY_PHASE_STRIP = NO;
				CURRENT_PROJECT_VERSION = 1;
				ENABLE_STRICT_OBJC_MSGSEND = YES;
				GCC_C_LANGUAGE_STANDARD = gnu99;
				GCC_DYNAMIC_NO_PIC = NO;
				GCC_OPTIMIZATION_LEVEL = 0;
				GCC_PREPROCESSOR_DEFINITIONS = (
					"DEBUG=1",
					"$(inherited)",
				);
				GCC_SYMBOLS_PRIVATE_EXTERN = NO;
				GCC_WARN_64_TO_32_BIT_CONVERSION = YES;
				GCC_WARN_ABOUT_RETURN_TYPE = YES_ERROR;
				GCC_WARN_UNDECLARED_SELECTOR = YES;
				GCC_WARN_UNINITIALIZED_AUTOS = YES_AGGRESSIVE;
				GCC_WARN_UNUSED_FUNCTION = YES;
				GCC_WARN_UNUSED_VARIABLE = YES;
				IPHONEOS_DEPLOYMENT_TARGET = 8.3;
				MTL_ENABLE_DEBUG_INFO = YES;
				ONLY_ACTIVE_ARCH = YES;
				SDKROOT = iphoneos;
				SWIFT_OPTIMIZATION_LEVEL = "-Onone";
				TARGETED_DEVICE_FAMILY = "1,2";
				VERSIONING_SYSTEM = "apple-generic";
				VERSION_INFO_PREFIX = "";
			};
			name = Debug;
		};
		3AB0FB811A6D15F8006449DB /* Release */ = {
			isa = XCBuildConfiguration;
			buildSettings = {
				ALWAYS_SEARCH_USER_PATHS = NO;
				CLANG_CXX_LANGUAGE_STANDARD = "gnu++0x";
				CLANG_CXX_LIBRARY = "libc++";
				CLANG_ENABLE_MODULES = YES;
				CLANG_ENABLE_OBJC_ARC = YES;
				CLANG_WARN_BOOL_CONVERSION = YES;
				CLANG_WARN_CONSTANT_CONVERSION = YES;
				CLANG_WARN_DIRECT_OBJC_ISA_USAGE = YES_ERROR;
				CLANG_WARN_EMPTY_BODY = YES;
				CLANG_WARN_ENUM_CONVERSION = YES;
				CLANG_WARN_INT_CONVERSION = YES;
				CLANG_WARN_OBJC_ROOT_CLASS = YES_ERROR;
				CLANG_WARN_UNREACHABLE_CODE = YES;
				CLANG_WARN__DUPLICATE_METHOD_MATCH = YES;
				"CODE_SIGN_IDENTITY[sdk=iphoneos*]" = "iPhone Developer";
				COPY_PHASE_STRIP = YES;
				CURRENT_PROJECT_VERSION = 1;
				ENABLE_NS_ASSERTIONS = NO;
				ENABLE_STRICT_OBJC_MSGSEND = YES;
				GCC_C_LANGUAGE_STANDARD = gnu99;
				GCC_WARN_64_TO_32_BIT_CONVERSION = YES;
				GCC_WARN_ABOUT_RETURN_TYPE = YES_ERROR;
				GCC_WARN_UNDECLARED_SELECTOR = YES;
				GCC_WARN_UNINITIALIZED_AUTOS = YES_AGGRESSIVE;
				GCC_WARN_UNUSED_FUNCTION = YES;
				GCC_WARN_UNUSED_VARIABLE = YES;
				IPHONEOS_DEPLOYMENT_TARGET = 8.3;
				MTL_ENABLE_DEBUG_INFO = NO;
				SDKROOT = iphoneos;
				TARGETED_DEVICE_FAMILY = "1,2";
				VALIDATE_PRODUCT = YES;
				VERSIONING_SYSTEM = "apple-generic";
				VERSION_INFO_PREFIX = "";
			};
			name = Release;
		};
		3AB0FB831A6D15F8006449DB /* Debug */ = {
			isa = XCBuildConfiguration;
			buildSettings = {
				CLANG_ENABLE_MODULES = YES;
				DEFINES_MODULE = YES;
				DYLIB_COMPATIBILITY_VERSION = 1;
				DYLIB_CURRENT_VERSION = 1;
				DYLIB_INSTALL_NAME_BASE = "@rpath";
				INFOPLIST_FILE = SwiftMoment/Info.plist;
				INSTALL_PATH = "$(LOCAL_LIBRARY_DIR)/Frameworks";
				IPHONEOS_DEPLOYMENT_TARGET = 8.0;
				LD_RUNPATH_SEARCH_PATHS = "$(inherited) @executable_path/Frameworks @loader_path/Frameworks";
				PRODUCT_NAME = "$(TARGET_NAME)";
				SKIP_INSTALL = YES;
				SWIFT_OPTIMIZATION_LEVEL = "-Onone";
				TARGETED_DEVICE_FAMILY = "1,2";
			};
			name = Debug;
		};
		3AB0FB841A6D15F8006449DB /* Release */ = {
			isa = XCBuildConfiguration;
			buildSettings = {
				CLANG_ENABLE_MODULES = YES;
				DEFINES_MODULE = YES;
				DYLIB_COMPATIBILITY_VERSION = 1;
				DYLIB_CURRENT_VERSION = 1;
				DYLIB_INSTALL_NAME_BASE = "@rpath";
				INFOPLIST_FILE = SwiftMoment/Info.plist;
				INSTALL_PATH = "$(LOCAL_LIBRARY_DIR)/Frameworks";
				IPHONEOS_DEPLOYMENT_TARGET = 8.0;
				LD_RUNPATH_SEARCH_PATHS = "$(inherited) @executable_path/Frameworks @loader_path/Frameworks";
				PRODUCT_NAME = "$(TARGET_NAME)";
				SKIP_INSTALL = YES;
				TARGETED_DEVICE_FAMILY = "1,2";
			};
			name = Release;
		};
		3AB0FB861A6D15F8006449DB /* Debug */ = {
			isa = XCBuildConfiguration;
			buildSettings = {
				FRAMEWORK_SEARCH_PATHS = (
					"$(SDKROOT)/Developer/Library/Frameworks",
					"$(inherited)",
				);
				GCC_PREPROCESSOR_DEFINITIONS = (
					"DEBUG=1",
					"$(inherited)",
				);
				INFOPLIST_FILE = SwiftMomentTests/Info.plist;
				LD_RUNPATH_SEARCH_PATHS = "$(inherited) @executable_path/Frameworks @loader_path/Frameworks";
				PRODUCT_NAME = "$(TARGET_NAME)";
			};
			name = Debug;
		};
		3AB0FB871A6D15F8006449DB /* Release */ = {
			isa = XCBuildConfiguration;
			buildSettings = {
				FRAMEWORK_SEARCH_PATHS = (
					"$(SDKROOT)/Developer/Library/Frameworks",
					"$(inherited)",
				);
				INFOPLIST_FILE = SwiftMomentTests/Info.plist;
				LD_RUNPATH_SEARCH_PATHS = "$(inherited) @executable_path/Frameworks @loader_path/Frameworks";
				PRODUCT_NAME = "$(TARGET_NAME)";
			};
			name = Release;
		};
		E2F625491C357BC00057AE1D /* Debug */ = {
			isa = XCBuildConfiguration;
			buildSettings = {
				CLANG_ENABLE_MODULES = YES;
				DEFINES_MODULE = YES;
				DYLIB_COMPATIBILITY_VERSION = 1;
				DYLIB_CURRENT_VERSION = 1;
				DYLIB_INSTALL_NAME_BASE = "@rpath";
				INFOPLIST_FILE = SwiftMoment/InfoOSX.plist;
				INSTALL_PATH = "@executable_path/../Frameworks";
				IPHONEOS_DEPLOYMENT_TARGET = 8.0;
				LD_RUNPATH_SEARCH_PATHS = "$(inherited) @executable_path/Frameworks @loader_path/Frameworks";
				MACOSX_DEPLOYMENT_TARGET = 10.10;
				PRODUCT_NAME = SwiftMoment;
				SDKROOT = macosx;
				SKIP_INSTALL = YES;
				SWIFT_OPTIMIZATION_LEVEL = "-Onone";
				TARGETED_DEVICE_FAMILY = "1,2";
			};
			name = Debug;
		};
		E2F6254A1C357BC00057AE1D /* Release */ = {
			isa = XCBuildConfiguration;
			buildSettings = {
				CLANG_ENABLE_MODULES = YES;
				DEFINES_MODULE = YES;
				DYLIB_COMPATIBILITY_VERSION = 1;
				DYLIB_CURRENT_VERSION = 1;
				DYLIB_INSTALL_NAME_BASE = "@rpath";
				INFOPLIST_FILE = SwiftMoment/InfoOSX.plist;
				INSTALL_PATH = "@executable_path/../Frameworks";
				IPHONEOS_DEPLOYMENT_TARGET = 8.0;
				LD_RUNPATH_SEARCH_PATHS = "$(inherited) @executable_path/Frameworks @loader_path/Frameworks";
				MACOSX_DEPLOYMENT_TARGET = 10.10;
				PRODUCT_NAME = SwiftMoment;
				SDKROOT = macosx;
				SKIP_INSTALL = YES;
				TARGETED_DEVICE_FAMILY = "1,2";
			};
			name = Release;
		};
/* End XCBuildConfiguration section */

/* Begin XCConfigurationList section */
		3AB0FB661A6D15F8006449DB /* Build configuration list for PBXProject "SwiftMoment" */ = {
			isa = XCConfigurationList;
			buildConfigurations = (
				3AB0FB801A6D15F8006449DB /* Debug */,
				3AB0FB811A6D15F8006449DB /* Release */,
			);
			defaultConfigurationIsVisible = 0;
			defaultConfigurationName = Release;
		};
		3AB0FB821A6D15F8006449DB /* Build configuration list for PBXNativeTarget "SwiftMoment" */ = {
			isa = XCConfigurationList;
			buildConfigurations = (
				3AB0FB831A6D15F8006449DB /* Debug */,
				3AB0FB841A6D15F8006449DB /* Release */,
			);
			defaultConfigurationIsVisible = 0;
			defaultConfigurationName = Release;
		};
		3AB0FB851A6D15F8006449DB /* Build configuration list for PBXNativeTarget "SwiftMomentTests" */ = {
			isa = XCConfigurationList;
			buildConfigurations = (
				3AB0FB861A6D15F8006449DB /* Debug */,
				3AB0FB871A6D15F8006449DB /* Release */,
			);
			defaultConfigurationIsVisible = 0;
			defaultConfigurationName = Release;
		};
		E2F625481C357BC00057AE1D /* Build configuration list for PBXNativeTarget "SwiftMomentOSX" */ = {
			isa = XCConfigurationList;
			buildConfigurations = (
				E2F625491C357BC00057AE1D /* Debug */,
				E2F6254A1C357BC00057AE1D /* Release */,
			);
			defaultConfigurationIsVisible = 0;
			defaultConfigurationName = Release;
		};
/* End XCConfigurationList section */
	};
	rootObject = 3AB0FB631A6D15F8006449DB /* Project object */;
}
